// !$*UTF8*$!
{
	archiveVersion = 1;
	classes = {
	};
	objectVersion = 46;
	objects = {

/* Begin PBXBuildFile section */
		11947EA932F34D5F828BC0E9 /* libPods.a in Frameworks */ = {isa = PBXBuildFile; fileRef = 62402FF30F9249DCA1D14071 /* libPods.a */; };
		270F5C041999CD9200ABDEA7 /* Foundation.framework in Frameworks */ = {isa = PBXBuildFile; fileRef = 270F5C031999CD9200ABDEA7 /* Foundation.framework */; };
		270F5C061999CD9200ABDEA7 /* CoreGraphics.framework in Frameworks */ = {isa = PBXBuildFile; fileRef = 270F5C051999CD9200ABDEA7 /* CoreGraphics.framework */; };
		270F5C081999CD9200ABDEA7 /* UIKit.framework in Frameworks */ = {isa = PBXBuildFile; fileRef = 270F5C071999CD9200ABDEA7 /* UIKit.framework */; };
		270F5C0E1999CD9200ABDEA7 /* InfoPlist.strings in Resources */ = {isa = PBXBuildFile; fileRef = 270F5C0C1999CD9200ABDEA7 /* InfoPlist.strings */; };
		270F5C101999CD9200ABDEA7 /* main.m in Sources */ = {isa = PBXBuildFile; fileRef = 270F5C0F1999CD9200ABDEA7 /* main.m */; };
		270F5C141999CD9200ABDEA7 /* AppDelegate.m in Sources */ = {isa = PBXBuildFile; fileRef = 270F5C131999CD9200ABDEA7 /* AppDelegate.m */; };
		270F5C161999CD9200ABDEA7 /* Images.xcassets in Resources */ = {isa = PBXBuildFile; fileRef = 270F5C151999CD9200ABDEA7 /* Images.xcassets */; };
		270F5C1D1999CD9200ABDEA7 /* XCTest.framework in Frameworks */ = {isa = PBXBuildFile; fileRef = 270F5C1C1999CD9200ABDEA7 /* XCTest.framework */; };
		270F5C1E1999CD9200ABDEA7 /* Foundation.framework in Frameworks */ = {isa = PBXBuildFile; fileRef = 270F5C031999CD9200ABDEA7 /* Foundation.framework */; };
		270F5C1F1999CD9200ABDEA7 /* UIKit.framework in Frameworks */ = {isa = PBXBuildFile; fileRef = 270F5C071999CD9200ABDEA7 /* UIKit.framework */; };
		270F5C271999CD9200ABDEA7 /* InfoPlist.strings in Resources */ = {isa = PBXBuildFile; fileRef = 270F5C251999CD9200ABDEA7 /* InfoPlist.strings */; };
		270F5C291999CD9200ABDEA7 /* MusicTransferTests.m in Sources */ = {isa = PBXBuildFile; fileRef = 270F5C281999CD9200ABDEA7 /* MusicTransferTests.m */; };
		270F5C351999CDB300ABDEA7 /* MusicTransferViewController.m in Sources */ = {isa = PBXBuildFile; fileRef = 270F5C331999CDB300ABDEA7 /* MusicTransferViewController.m */; };
		270F5C391999D1A100ABDEA7 /* MusicTransferViewController.xib in Resources */ = {isa = PBXBuildFile; fileRef = 270F5C381999D1A100ABDEA7 /* MusicTransferViewController.xib */; };
/* End PBXBuildFile section */

/* Begin PBXContainerItemProxy section */
		270F5C201999CD9200ABDEA7 /* PBXContainerItemProxy */ = {
			isa = PBXContainerItemProxy;
			containerPortal = 270F5BF81999CD9200ABDEA7 /* Project object */;
			proxyType = 1;
			remoteGlobalIDString = 270F5BFF1999CD9200ABDEA7;
			remoteInfo = MusicTransfer;
		};
/* End PBXContainerItemProxy section */

/* Begin PBXFileReference section */
		270F5C001999CD9200ABDEA7 /* MusicTransfer.app */ = {isa = PBXFileReference; explicitFileType = wrapper.application; includeInIndex = 0; path = MusicTransfer.app; sourceTree = BUILT_PRODUCTS_DIR; };
		270F5C031999CD9200ABDEA7 /* Foundation.framework */ = {isa = PBXFileReference; lastKnownFileType = wrapper.framework; name = Foundation.framework; path = System/Library/Frameworks/Foundation.framework; sourceTree = SDKROOT; };
		270F5C051999CD9200ABDEA7 /* CoreGraphics.framework */ = {isa = PBXFileReference; lastKnownFileType = wrapper.framework; name = CoreGraphics.framework; path = System/Library/Frameworks/CoreGraphics.framework; sourceTree = SDKROOT; };
		270F5C071999CD9200ABDEA7 /* UIKit.framework */ = {isa = PBXFileReference; lastKnownFileType = wrapper.framework; name = UIKit.framework; path = System/Library/Frameworks/UIKit.framework; sourceTree = SDKROOT; };
		270F5C0B1999CD9200ABDEA7 /* MusicTransfer-Info.plist */ = {isa = PBXFileReference; lastKnownFileType = text.plist.xml; path = "MusicTransfer-Info.plist"; sourceTree = "<group>"; };
		270F5C0D1999CD9200ABDEA7 /* en */ = {isa = PBXFileReference; lastKnownFileType = text.plist.strings; name = en; path = en.lproj/InfoPlist.strings; sourceTree = "<group>"; };
		270F5C0F1999CD9200ABDEA7 /* main.m */ = {isa = PBXFileReference; lastKnownFileType = sourcecode.c.objc; path = main.m; sourceTree = "<group>"; };
		270F5C111999CD9200ABDEA7 /* MusicTransfer-Prefix.pch */ = {isa = PBXFileReference; lastKnownFileType = sourcecode.c.h; path = "MusicTransfer-Prefix.pch"; sourceTree = "<group>"; };
		270F5C121999CD9200ABDEA7 /* AppDelegate.h */ = {isa = PBXFileReference; lastKnownFileType = sourcecode.c.h; path = AppDelegate.h; sourceTree = "<group>"; };
		270F5C131999CD9200ABDEA7 /* AppDelegate.m */ = {isa = PBXFileReference; lastKnownFileType = sourcecode.c.objc; path = AppDelegate.m; sourceTree = "<group>"; };
		270F5C151999CD9200ABDEA7 /* Images.xcassets */ = {isa = PBXFileReference; lastKnownFileType = folder.assetcatalog; path = Images.xcassets; sourceTree = "<group>"; };
		270F5C1B1999CD9200ABDEA7 /* MusicTransferTests.xctest */ = {isa = PBXFileReference; explicitFileType = wrapper.cfbundle; includeInIndex = 0; path = MusicTransferTests.xctest; sourceTree = BUILT_PRODUCTS_DIR; };
		270F5C1C1999CD9200ABDEA7 /* XCTest.framework */ = {isa = PBXFileReference; lastKnownFileType = wrapper.framework; name = XCTest.framework; path = Library/Frameworks/XCTest.framework; sourceTree = DEVELOPER_DIR; };
		270F5C241999CD9200ABDEA7 /* MusicTransferTests-Info.plist */ = {isa = PBXFileReference; lastKnownFileType = text.plist.xml; path = "MusicTransferTests-Info.plist"; sourceTree = "<group>"; };
		270F5C261999CD9200ABDEA7 /* en */ = {isa = PBXFileReference; lastKnownFileType = text.plist.strings; name = en; path = en.lproj/InfoPlist.strings; sourceTree = "<group>"; };
		270F5C281999CD9200ABDEA7 /* MusicTransferTests.m */ = {isa = PBXFileReference; lastKnownFileType = sourcecode.c.objc; path = MusicTransferTests.m; sourceTree = "<group>"; };
		270F5C321999CDB300ABDEA7 /* MusicTransferViewController.h */ = {isa = PBXFileReference; fileEncoding = 4; lastKnownFileType = sourcecode.c.h; path = MusicTransferViewController.h; sourceTree = "<group>"; };
		270F5C331999CDB300ABDEA7 /* MusicTransferViewController.m */ = {isa = PBXFileReference; fileEncoding = 4; lastKnownFileType = sourcecode.c.objc; path = MusicTransferViewController.m; sourceTree = "<group>"; };
		270F5C371999CE3900ABDEA7 /* Constants.h */ = {isa = PBXFileReference; lastKnownFileType = sourcecode.c.h; path = Constants.h; sourceTree = "<group>"; };
		270F5C381999D1A100ABDEA7 /* MusicTransferViewController.xib */ = {isa = PBXFileReference; fileEncoding = 4; lastKnownFileType = file.xib; path = MusicTransferViewController.xib; sourceTree = "<group>"; };
		62402FF30F9249DCA1D14071 /* libPods.a */ = {isa = PBXFileReference; explicitFileType = archive.ar; includeInIndex = 0; path = libPods.a; sourceTree = BUILT_PRODUCTS_DIR; };
		F937DD2B95D643D5B0F6F99E /* Pods.xcconfig */ = {isa = PBXFileReference; includeInIndex = 1; lastKnownFileType = text.xcconfig; name = Pods.xcconfig; path = Pods/Pods.xcconfig; sourceTree = "<group>"; };
/* End PBXFileReference section */

/* Begin PBXFrameworksBuildPhase section */
		270F5BFD1999CD9200ABDEA7 /* Frameworks */ = {
			isa = PBXFrameworksBuildPhase;
			buildActionMask = 2147483647;
			files = (
				270F5C061999CD9200ABDEA7 /* CoreGraphics.framework in Frameworks */,
				270F5C081999CD9200ABDEA7 /* UIKit.framework in Frameworks */,
				270F5C041999CD9200ABDEA7 /* Foundation.framework in Frameworks */,
				11947EA932F34D5F828BC0E9 /* libPods.a in Frameworks */,
			);
			runOnlyForDeploymentPostprocessing = 0;
		};
		270F5C181999CD9200ABDEA7 /* Frameworks */ = {
			isa = PBXFrameworksBuildPhase;
			buildActionMask = 2147483647;
			files = (
				270F5C1D1999CD9200ABDEA7 /* XCTest.framework in Frameworks */,
				270F5C1F1999CD9200ABDEA7 /* UIKit.framework in Frameworks */,
				270F5C1E1999CD9200ABDEA7 /* Foundation.framework in Frameworks */,
			);
			runOnlyForDeploymentPostprocessing = 0;
		};
/* End PBXFrameworksBuildPhase section */

/* Begin PBXGroup section */
		270F5BF71999CD9200ABDEA7 = {
			isa = PBXGroup;
			children = (
				270F5C091999CD9200ABDEA7 /* MusicTransfer */,
				270F5C221999CD9200ABDEA7 /* MusicTransferTests */,
				270F5C021999CD9200ABDEA7 /* Frameworks */,
				270F5C011999CD9200ABDEA7 /* Products */,
				F937DD2B95D643D5B0F6F99E /* Pods.xcconfig */,
			);
			sourceTree = "<group>";
		};
		270F5C011999CD9200ABDEA7 /* Products */ = {
			isa = PBXGroup;
			children = (
				270F5C001999CD9200ABDEA7 /* MusicTransfer.app */,
				270F5C1B1999CD9200ABDEA7 /* MusicTransferTests.xctest */,
			);
			name = Products;
			sourceTree = "<group>";
		};
		270F5C021999CD9200ABDEA7 /* Frameworks */ = {
			isa = PBXGroup;
			children = (
				270F5C031999CD9200ABDEA7 /* Foundation.framework */,
				270F5C051999CD9200ABDEA7 /* CoreGraphics.framework */,
				270F5C071999CD9200ABDEA7 /* UIKit.framework */,
				270F5C1C1999CD9200ABDEA7 /* XCTest.framework */,
				62402FF30F9249DCA1D14071 /* libPods.a */,
			);
			name = Frameworks;
			sourceTree = "<group>";
		};
		270F5C091999CD9200ABDEA7 /* MusicTransfer */ = {
			isa = PBXGroup;
			children = (
				270F5C121999CD9200ABDEA7 /* AppDelegate.h */,
				270F5C131999CD9200ABDEA7 /* AppDelegate.m */,
				270F5C151999CD9200ABDEA7 /* Images.xcassets */,
				270F5C0A1999CD9200ABDEA7 /* Supporting Files */,
				270F5C321999CDB300ABDEA7 /* MusicTransferViewController.h */,
				270F5C331999CDB300ABDEA7 /* MusicTransferViewController.m */,
				270F5C381999D1A100ABDEA7 /* MusicTransferViewController.xib */,
				270F5C371999CE3900ABDEA7 /* Constants.h */,
			);
			path = MusicTransfer;
			sourceTree = "<group>";
		};
		270F5C0A1999CD9200ABDEA7 /* Supporting Files */ = {
			isa = PBXGroup;
			children = (
				270F5C0B1999CD9200ABDEA7 /* MusicTransfer-Info.plist */,
				270F5C0C1999CD9200ABDEA7 /* InfoPlist.strings */,
				270F5C0F1999CD9200ABDEA7 /* main.m */,
				270F5C111999CD9200ABDEA7 /* MusicTransfer-Prefix.pch */,
			);
			name = "Supporting Files";
			sourceTree = "<group>";
		};
		270F5C221999CD9200ABDEA7 /* MusicTransferTests */ = {
			isa = PBXGroup;
			children = (
				270F5C281999CD9200ABDEA7 /* MusicTransferTests.m */,
				270F5C231999CD9200ABDEA7 /* Supporting Files */,
			);
			path = MusicTransferTests;
			sourceTree = "<group>";
		};
		270F5C231999CD9200ABDEA7 /* Supporting Files */ = {
			isa = PBXGroup;
			children = (
				270F5C241999CD9200ABDEA7 /* MusicTransferTests-Info.plist */,
				270F5C251999CD9200ABDEA7 /* InfoPlist.strings */,
			);
			name = "Supporting Files";
			sourceTree = "<group>";
		};
/* End PBXGroup section */

/* Begin PBXNativeTarget section */
		270F5BFF1999CD9200ABDEA7 /* MusicTransfer */ = {
			isa = PBXNativeTarget;
			buildConfigurationList = 270F5C2C1999CD9200ABDEA7 /* Build configuration list for PBXNativeTarget "MusicTransfer" */;
			buildPhases = (
				92DE58DD40ED44EEB6BC1C0F /* Check Pods Manifest.lock */,
				270F5BFC1999CD9200ABDEA7 /* Sources */,
				270F5BFD1999CD9200ABDEA7 /* Frameworks */,
				270F5BFE1999CD9200ABDEA7 /* Resources */,
				5526EC1AC41D47A0970614BF /* Copy Pods Resources */,
			);
			buildRules = (
			);
			dependencies = (
			);
			name = MusicTransfer;
			productName = MusicTransfer;
			productReference = 270F5C001999CD9200ABDEA7 /* MusicTransfer.app */;
			productType = "com.apple.product-type.application";
		};
		270F5C1A1999CD9200ABDEA7 /* MusicTransferTests */ = {
			isa = PBXNativeTarget;
			buildConfigurationList = 270F5C2F1999CD9200ABDEA7 /* Build configuration list for PBXNativeTarget "MusicTransferTests" */;
			buildPhases = (
				270F5C171999CD9200ABDEA7 /* Sources */,
				270F5C181999CD9200ABDEA7 /* Frameworks */,
				270F5C191999CD9200ABDEA7 /* Resources */,
			);
			buildRules = (
			);
			dependencies = (
				270F5C211999CD9200ABDEA7 /* PBXTargetDependency */,
			);
			name = MusicTransferTests;
			productName = MusicTransferTests;
			productReference = 270F5C1B1999CD9200ABDEA7 /* MusicTransferTests.xctest */;
			productType = "com.apple.product-type.bundle.unit-test";
		};
/* End PBXNativeTarget section */

/* Begin PBXProject section */
		270F5BF81999CD9200ABDEA7 /* Project object */ = {
			isa = PBXProject;
			attributes = {
				LastUpgradeCheck = 0510;
				ORGANIZATIONNAME = ault.io;
				TargetAttributes = {
					270F5C1A1999CD9200ABDEA7 = {
						TestTargetID = 270F5BFF1999CD9200ABDEA7;
					};
				};
			};
			buildConfigurationList = 270F5BFB1999CD9200ABDEA7 /* Build configuration list for PBXProject "MusicTransfer" */;
			compatibilityVersion = "Xcode 3.2";
			developmentRegion = English;
			hasScannedForEncodings = 0;
			knownRegions = (
				en,
			);
			mainGroup = 270F5BF71999CD9200ABDEA7;
			productRefGroup = 270F5C011999CD9200ABDEA7 /* Products */;
			projectDirPath = "";
			projectRoot = "";
			targets = (
				270F5BFF1999CD9200ABDEA7 /* MusicTransfer */,
				270F5C1A1999CD9200ABDEA7 /* MusicTransferTests */,
			);
		};
/* End PBXProject section */

/* Begin PBXResourcesBuildPhase section */
		270F5BFE1999CD9200ABDEA7 /* Resources */ = {
			isa = PBXResourcesBuildPhase;
			buildActionMask = 2147483647;
			files = (
				270F5C0E1999CD9200ABDEA7 /* InfoPlist.strings in Resources */,
				270F5C161999CD9200ABDEA7 /* Images.xcassets in Resources */,
				270F5C391999D1A100ABDEA7 /* MusicTransferViewController.xib in Resources */,
			);
			runOnlyForDeploymentPostprocessing = 0;
		};
		270F5C191999CD9200ABDEA7 /* Resources */ = {
			isa = PBXResourcesBuildPhase;
			buildActionMask = 2147483647;
			files = (
				270F5C271999CD9200ABDEA7 /* InfoPlist.strings in Resources */,
			);
			runOnlyForDeploymentPostprocessing = 0;
		};
/* End PBXResourcesBuildPhase section */

/* Begin PBXShellScriptBuildPhase section */
		5526EC1AC41D47A0970614BF /* Copy Pods Resources */ = {
			isa = PBXShellScriptBuildPhase;
			buildActionMask = 2147483647;
			files = (
			);
			inputPaths = (
			);
			name = "Copy Pods Resources";
			outputPaths = (
			);
			runOnlyForDeploymentPostprocessing = 0;
			shellPath = /bin/sh;
			shellScript = "\"${SRCROOT}/Pods/Pods-resources.sh\"\n";
			showEnvVarsInLog = 0;
		};
		92DE58DD40ED44EEB6BC1C0F /* Check Pods Manifest.lock */ = {
			isa = PBXShellScriptBuildPhase;
			buildActionMask = 2147483647;
			files = (
			);
			inputPaths = (
			);
			name = "Check Pods Manifest.lock";
			outputPaths = (
			);
			runOnlyForDeploymentPostprocessing = 0;
			shellPath = /bin/sh;
			shellScript = "diff \"${PODS_ROOT}/../Podfile.lock\" \"${PODS_ROOT}/Manifest.lock\" > /dev/null\nif [[ $? != 0 ]] ; then\n    cat << EOM\nerror: The sandbox is not in sync with the Podfile.lock. Run 'pod install' or update your CocoaPods installation.\nEOM\n    exit 1\nfi\n";
			showEnvVarsInLog = 0;
		};
/* End PBXShellScriptBuildPhase section */

/* Begin PBXSourcesBuildPhase section */
		270F5BFC1999CD9200ABDEA7 /* Sources */ = {
			isa = PBXSourcesBuildPhase;
			buildActionMask = 2147483647;
			files = (
				270F5C141999CD9200ABDEA7 /* AppDelegate.m in Sources */,
				270F5C351999CDB300ABDEA7 /* MusicTransferViewController.m in Sources */,
				270F5C101999CD9200ABDEA7 /* main.m in Sources */,
			);
			runOnlyForDeploymentPostprocessing = 0;
		};
		270F5C171999CD9200ABDEA7 /* Sources */ = {
			isa = PBXSourcesBuildPhase;
			buildActionMask = 2147483647;
			files = (
				270F5C291999CD9200ABDEA7 /* MusicTransferTests.m in Sources */,
			);
			runOnlyForDeploymentPostprocessing = 0;
		};
/* End PBXSourcesBuildPhase section */

/* Begin PBXTargetDependency section */
		270F5C211999CD9200ABDEA7 /* PBXTargetDependency */ = {
			isa = PBXTargetDependency;
			target = 270F5BFF1999CD9200ABDEA7 /* MusicTransfer */;
			targetProxy = 270F5C201999CD9200ABDEA7 /* PBXContainerItemProxy */;
		};
/* End PBXTargetDependency section */

/* Begin PBXVariantGroup section */
		270F5C0C1999CD9200ABDEA7 /* InfoPlist.strings */ = {
			isa = PBXVariantGroup;
			children = (
				270F5C0D1999CD9200ABDEA7 /* en */,
			);
			name = InfoPlist.strings;
			sourceTree = "<group>";
		};
		270F5C251999CD9200ABDEA7 /* InfoPlist.strings */ = {
			isa = PBXVariantGroup;
			children = (
				270F5C261999CD9200ABDEA7 /* en */,
			);
			name = InfoPlist.strings;
			sourceTree = "<group>";
		};
/* End PBXVariantGroup section */

/* Begin XCBuildConfiguration section */
		270F5C2A1999CD9200ABDEA7 /* Debug */ = {
			isa = XCBuildConfiguration;
			buildSettings = {
				ALWAYS_SEARCH_USER_PATHS = NO;
				CLANG_CXX_LANGUAGE_STANDARD = "gnu++0x";
				CLANG_CXX_LIBRARY = "libc++";
				CLANG_ENABLE_MODULES = YES;
				CLANG_ENABLE_OBJC_ARC = YES;
				CLANG_WARN_BOOL_CONVERSION = YES;
				CLANG_WARN_CONSTANT_CONVERSION = YES;
				CLANG_WARN_DIRECT_OBJC_ISA_USAGE = YES_ERROR;
				CLANG_WARN_EMPTY_BODY = YES;
				CLANG_WARN_ENUM_CONVERSION = YES;
				CLANG_WARN_INT_CONVERSION = YES;
				CLANG_WARN_OBJC_ROOT_CLASS = YES_ERROR;
				CLANG_WARN__DUPLICATE_METHOD_MATCH = YES;
				"CODE_SIGN_IDENTITY[sdk=iphoneos*]" = "iPhone Developer";
				COPY_PHASE_STRIP = NO;
				GCC_C_LANGUAGE_STANDARD = gnu99;
				GCC_DYNAMIC_NO_PIC = NO;
				GCC_OPTIMIZATION_LEVEL = 0;
				GCC_PREPROCESSOR_DEFINITIONS = (
					"DEBUG=1",
					"$(inherited)",
				);
				GCC_SYMBOLS_PRIVATE_EXTERN = NO;
				GCC_WARN_64_TO_32_BIT_CONVERSION = YES;
				GCC_WARN_ABOUT_RETURN_TYPE = YES_ERROR;
				GCC_WARN_UNDECLARED_SELECTOR = YES;
				GCC_WARN_UNINITIALIZED_AUTOS = YES_AGGRESSIVE;
				GCC_WARN_UNUSED_FUNCTION = YES;
				GCC_WARN_UNUSED_VARIABLE = YES;
				IPHONEOS_DEPLOYMENT_TARGET = 7.1;
				ONLY_ACTIVE_ARCH = YES;
				SDKROOT = iphoneos;
			};
			name = Debug;
		};
		270F5C2B1999CD9200ABDEA7 /* Release */ = {
			isa = XCBuildConfiguration;
			buildSettings = {
				ALWAYS_SEARCH_USER_PATHS = NO;
				CLANG_CXX_LANGUAGE_STANDARD = "gnu++0x";
				CLANG_CXX_LIBRARY = "libc++";
				CLANG_ENABLE_MODULES = YES;
				CLANG_ENABLE_OBJC_ARC = YES;
				CLANG_WARN_BOOL_CONVERSION = YES;
				CLANG_WARN_CONSTANT_CONVERSION = YES;
				CLANG_WARN_DIRECT_OBJC_ISA_USAGE = YES_ERROR;
				CLANG_WARN_EMPTY_BODY = YES;
				CLANG_WARN_ENUM_CONVERSION = YES;
				CLANG_WARN_INT_CONVERSION = YES;
				CLANG_WARN_OBJC_ROOT_CLASS = YES_ERROR;
				CLANG_WARN__DUPLICATE_METHOD_MATCH = YES;
				"CODE_SIGN_IDENTITY[sdk=iphoneos*]" = "iPhone Developer";
				COPY_PHASE_STRIP = YES;
				ENABLE_NS_ASSERTIONS = NO;
				GCC_C_LANGUAGE_STANDARD = gnu99;
				GCC_WARN_64_TO_32_BIT_CONVERSION = YES;
				GCC_WARN_ABOUT_RETURN_TYPE = YES_ERROR;
				GCC_WARN_UNDECLARED_SELECTOR = YES;
				GCC_WARN_UNINITIALIZED_AUTOS = YES_AGGRESSIVE;
				GCC_WARN_UNUSED_FUNCTION = YES;
				GCC_WARN_UNUSED_VARIABLE = YES;
				IPHONEOS_DEPLOYMENT_TARGET = 7.1;
				SDKROOT = iphoneos;
				VALIDATE_PRODUCT = YES;
			};
			name = Release;
		};
		270F5C2D1999CD9200ABDEA7 /* Debug */ = {
			isa = XCBuildConfiguration;
			baseConfigurationReference = F937DD2B95D643D5B0F6F99E /* Pods.xcconfig */;
			buildSettings = {
				ASSETCATALOG_COMPILER_APPICON_NAME = AppIcon;
				ASSETCATALOG_COMPILER_LAUNCHIMAGE_NAME = LaunchImage;
				GCC_PRECOMPILE_PREFIX_HEADER = YES;
				GCC_PREFIX_HEADER = "MusicTransfer/MusicTransfer-Prefix.pch";
				INFOPLIST_FILE = "MusicTransfer/MusicTransfer-Info.plist";
				PRODUCT_NAME = "$(TARGET_NAME)";
				WRAPPER_EXTENSION = app;
			};
			name = Debug;
		};
		270F5C2E1999CD9200ABDEA7 /* Release */ = {
			isa = XCBuildConfiguration;
			baseConfigurationReference = F937DD2B95D643D5B0F6F99E /* Pods.xcconfig */;
			buildSettings = {
				ASSETCATALOG_COMPILER_APPICON_NAME = AppIcon;
				ASSETCATALOG_COMPILER_LAUNCHIMAGE_NAME = LaunchImage;
				GCC_PRECOMPILE_PREFIX_HEADER = YES;
				GCC_PREFIX_HEADER = "MusicTransfer/MusicTransfer-Prefix.pch";
				INFOPLIST_FILE = "MusicTransfer/MusicTransfer-Info.plist";
				PRODUCT_NAME = "$(TARGET_NAME)";
				WRAPPER_EXTENSION = app;
			};
			name = Release;
		};
		270F5C301999CD9200ABDEA7 /* Debug */ = {
			isa = XCBuildConfiguration;
			buildSettings = {
				BUNDLE_LOADER = "$(BUILT_PRODUCTS_DIR)/MusicTransfer.app/MusicTransfer";
				FRAMEWORK_SEARCH_PATHS = (
					"$(SDKROOT)/Developer/Library/Frameworks",
					"$(inherited)",
					"$(DEVELOPER_FRAMEWORKS_DIR)",
				);
				GCC_PRECOMPILE_PREFIX_HEADER = YES;
				GCC_PREFIX_HEADER = "MusicTransfer/MusicTransfer-Prefix.pch";
				GCC_PREPROCESSOR_DEFINITIONS = (
					"DEBUG=1",
					"$(inherited)",
				);
				INFOPLIST_FILE = "MusicTransferTests/MusicTransferTests-Info.plist";
				PRODUCT_NAME = "$(TARGET_NAME)";
				TEST_HOST = "$(BUNDLE_LOADER)";
				WRAPPER_EXTENSION = xctest;
			};
			name = Debug;
		};
		270F5C311999CD9200ABDEA7 /* Release */ = {
			isa = XCBuildConfiguration;
			buildSettings = {
				BUNDLE_LOADER = "$(BUILT_PRODUCTS_DIR)/MusicTransfer.app/MusicTransfer";
				FRAMEWORK_SEARCH_PATHS = (
					"$(SDKROOT)/Developer/Library/Frameworks",
					"$(inherited)",
					"$(DEVELOPER_FRAMEWORKS_DIR)",
				);
				GCC_PRECOMPILE_PREFIX_HEADER = YES;
				GCC_PREFIX_HEADER = "MusicTransfer/MusicTransfer-Prefix.pch";
				INFOPLIST_FILE = "MusicTransferTests/MusicTransferTests-Info.plist";
				PRODUCT_NAME = "$(TARGET_NAME)";
				TEST_HOST = "$(BUNDLE_LOADER)";
				WRAPPER_EXTENSION = xctest;
			};
			name = Release;
		};
/* End XCBuildConfiguration section */

/* Begin XCConfigurationList section */
		270F5BFB1999CD9200ABDEA7 /* Build configuration list for PBXProject "MusicTransfer" */ = {
			isa = XCConfigurationList;
			buildConfigurations = (
				270F5C2A1999CD9200ABDEA7 /* Debug */,
				270F5C2B1999CD9200ABDEA7 /* Release */,
			);
			defaultConfigurationIsVisible = 0;
			defaultConfigurationName = Release;
		};
		270F5C2C1999CD9200ABDEA7 /* Build configuration list for PBXNativeTarget "MusicTransfer" */ = {
			isa = XCConfigurationList;
			buildConfigurations = (
				270F5C2D1999CD9200ABDEA7 /* Debug */,
				270F5C2E1999CD9200ABDEA7 /* Release */,
			);
			defaultConfigurationIsVisible = 0;
			defaultConfigurationName = Release;
		};
		270F5C2F1999CD9200ABDEA7 /* Build configuration list for PBXNativeTarget "MusicTransferTests" */ = {
			isa = XCConfigurationList;
			buildConfigurations = (
				270F5C301999CD9200ABDEA7 /* Debug */,
				270F5C311999CD9200ABDEA7 /* Release */,
			);
			defaultConfigurationIsVisible = 0;
			defaultConfigurationName = Release;
		};
/* End XCConfigurationList section */
	};
	rootObject = 270F5BF81999CD9200ABDEA7 /* Project object */;
}
